
Microsoft Visual Studio Solution File, Format Version 12.00
# Visual Studio 15
VisualStudioVersion = 15.0.27130.2036
MinimumVisualStudioVersion = 10.0.40219.1
Project("{FAE04EC0-301F-11D3-BF4B-00C04F79EFBC}") = "agf-parser-uwp", "agf-parser-uwp\agf-parser-uwp.csproj", "{BDB06FF7-2F40-4822-824B-CE755593FB2A}"
EndProject
Project("{9A19103F-16F7-4668-BE54-9A1E7A4F7556}") = "CLI-parser", "CLI-parser\CLI-parser.csproj", "{28E0188E-D2D3-4F5D-8308-B77CDADE99B4}"
EndProject
Project("{9A19103F-16F7-4668-BE54-9A1E7A4F7556}") = "agf-parser-unit-tests", "agf-parser-unit-tests\agf-parser-unit-tests.csproj", "{B5D18B8C-B52A-440C-AC0B-12146E85E609}"
EndProject
Global
	GlobalSection(SolutionConfigurationPlatforms) = preSolution
		Debug|Any CPU = Debug|Any CPU
		Debug|ARM = Debug|ARM
		Debug|x64 = Debug|x64
		Debug|x86 = Debug|x86
		Release|Any CPU = Release|Any CPU
		Release|ARM = Release|ARM
		Release|x64 = Release|x64
		Release|x86 = Release|x86
	EndGlobalSection
	GlobalSection(ProjectConfigurationPlatforms) = postSolution
		{BDB06FF7-2F40-4822-824B-CE755593FB2A}.Debug|Any CPU.ActiveCfg = Debug|x86
		{BDB06FF7-2F40-4822-824B-CE755593FB2A}.Debug|ARM.ActiveCfg = Debug|ARM
		{BDB06FF7-2F40-4822-824B-CE755593FB2A}.Debug|ARM.Build.0 = Debug|ARM
		{BDB06FF7-2F40-4822-824B-CE755593FB2A}.Debug|ARM.Deploy.0 = Debug|ARM
		{BDB06FF7-2F40-4822-824B-CE755593FB2A}.Debug|x64.ActiveCfg = Debug|x64
		{BDB06FF7-2F40-4822-824B-CE755593FB2A}.Debug|x64.Build.0 = Debug|x64
		{BDB06FF7-2F40-4822-824B-CE755593FB2A}.Debug|x64.Deploy.0 = Debug|x64
		{BDB06FF7-2F40-4822-824B-CE755593FB2A}.Debug|x86.ActiveCfg = Debug|x64
		{BDB06FF7-2F40-4822-824B-CE755593FB2A}.Debug|x86.Build.0 = Debug|x64
		{BDB06FF7-2F40-4822-824B-CE755593FB2A}.Debug|x86.Deploy.0 = Debug|x64
		{BDB06FF7-2F40-4822-824B-CE755593FB2A}.Release|Any CPU.ActiveCfg = Release|x64
		{BDB06FF7-2F40-4822-824B-CE755593FB2A}.Release|Any CPU.Build.0 = Release|x64
		{BDB06FF7-2F40-4822-824B-CE755593FB2A}.Release|ARM.ActiveCfg = Release|ARM
		{BDB06FF7-2F40-4822-824B-CE755593FB2A}.Release|ARM.Build.0 = Release|ARM
		{BDB06FF7-2F40-4822-824B-CE755593FB2A}.Release|ARM.Deploy.0 = Release|ARM
		{BDB06FF7-2F40-4822-824B-CE755593FB2A}.Release|x64.ActiveCfg = Release|x64
		{BDB06FF7-2F40-4822-824B-CE755593FB2A}.Release|x64.Build.0 = Release|x64
		{BDB06FF7-2F40-4822-824B-CE755593FB2A}.Release|x86.ActiveCfg = Release|x64
		{BDB06FF7-2F40-4822-824B-CE755593FB2A}.Release|x86.Build.0 = Release|x64
		{BDB06FF7-2F40-4822-824B-CE755593FB2A}.Release|x86.Deploy.0 = Release|x64
		{28E0188E-D2D3-4F5D-8308-B77CDADE99B4}.Debug|Any CPU.ActiveCfg = Debug|Any CPU
		{28E0188E-D2D3-4F5D-8308-B77CDADE99B4}.Debug|Any CPU.Build.0 = Debug|Any CPU
		{28E0188E-D2D3-4F5D-8308-B77CDADE99B4}.Debug|ARM.ActiveCfg = Debug|Any CPU
		{28E0188E-D2D3-4F5D-8308-B77CDADE99B4}.Debug|ARM.Build.0 = Debug|Any CPU
		{28E0188E-D2D3-4F5D-8308-B77CDADE99B4}.Debug|x64.ActiveCfg = Debug|Any CPU
		{28E0188E-D2D3-4F5D-8308-B77CDADE99B4}.Debug|x64.Build.0 = Debug|Any CPU
		{28E0188E-D2D3-4F5D-8308-B77CDADE99B4}.Debug|x86.ActiveCfg = Debug|Any CPU
		{28E0188E-D2D3-4F5D-8308-B77CDADE99B4}.Debug|x86.Build.0 = Debug|Any CPU
		{28E0188E-D2D3-4F5D-8308-B77CDADE99B4}.Release|Any CPU.ActiveCfg = Release|Any CPU
		{28E0188E-D2D3-4F5D-8308-B77CDADE99B4}.Release|Any CPU.Build.0 = Release|Any CPU
		{28E0188E-D2D3-4F5D-8308-B77CDADE99B4}.Release|ARM.ActiveCfg = Release|Any CPU
		{28E0188E-D2D3-4F5D-8308-B77CDADE99B4}.Release|ARM.Build.0 = Release|Any CPU
		{28E0188E-D2D3-4F5D-8308-B77CDADE99B4}.Release|x64.ActiveCfg = Release|Any CPU
		{28E0188E-D2D3-4F5D-8308-B77CDADE99B4}.Release|x64.Build.0 = Release|Any CPU
		{28E0188E-D2D3-4F5D-8308-B77CDADE99B4}.Release|x86.ActiveCfg = Release|Any CPU
		{28E0188E-D2D3-4F5D-8308-B77CDADE99B4}.Release|x86.Build.0 = Release|Any CPU
		{B5D18B8C-B52A-440C-AC0B-12146E85E609}.Debug|Any CPU.ActiveCfg = Debug|Any CPU
		{B5D18B8C-B52A-440C-AC0B-12146E85E609}.Debug|Any CPU.Build.0 = Debug|Any CPU
		{B5D18B8C-B52A-440C-AC0B-12146E85E609}.Debug|ARM.ActiveCfg = Debug|Any CPU
		{B5D18B8C-B52A-440C-AC0B-12146E85E609}.Debug|ARM.Build.0 = Debug|Any CPU
		{B5D18B8C-B52A-440C-AC0B-12146E85E609}.Debug|x64.ActiveCfg = Debug|Any CPU
		{B5D18B8C-B52A-440C-AC0B-12146E85E609}.Debug|x64.Build.0 = Debug|Any CPU
		{B5D18B8C-B52A-440C-AC0B-12146E85E609}.Debug|x86.ActiveCfg = Debug|Any CPU
		{B5D18B8C-B52A-440C-AC0B-12146E85E609}.Debug|x86.Build.0 = Debug|Any CPU
		{B5D18B8C-B52A-440C-AC0B-12146E85E609}.Release|Any CPU.ActiveCfg = Release|Any CPU
		{B5D18B8C-B52A-440C-AC0B-12146E85E609}.Release|Any CPU.Build.0 = Release|Any CPU
		{B5D18B8C-B52A-440C-AC0B-12146E85E609}.Release|ARM.ActiveCfg = Release|Any CPU
		{B5D18B8C-B52A-440C-AC0B-12146E85E609}.Release|ARM.Build.0 = Release|Any CPU
		{B5D18B8C-B52A-440C-AC0B-12146E85E609}.Release|x64.ActiveCfg = Release|Any CPU
		{B5D18B8C-B52A-440C-AC0B-12146E85E609}.Release|x64.Build.0 = Release|Any CPU
		{B5D18B8C-B52A-440C-AC0B-12146E85E609}.Release|x86.ActiveCfg = Release|Any CPU
		{B5D18B8C-B52A-440C-AC0B-12146E85E609}.Release|x86.Build.0 = Release|Any CPU
	EndGlobalSection
	GlobalSection(SolutionProperties) = preSolution
		HideSolutionNode = FALSE
	EndGlobalSection
	GlobalSection(ExtensibilityGlobals) = postSolution
		SolutionGuid = {B462EAA5-8578-4F6F-B23B-B09700FA83D2}
	EndGlobalSection
EndGlobal
